github.com/07669751770/curso-golang v0.0.0-20241220140501-ab7e422f3a41 h1:JQTNPDwzH87Ccnlz5RyZBodjYAm3+aC540n/4O2XVbQ=
github.com/07669751770/curso-golang v0.0.0-20241220140501-ab7e422f3a41/go.mod h1:D8UduqOJaFVe7TU3HvZYlRGNWklDCLPcxL3ap3qoHMk=
github.com/07669751770/curso-golang v0.0.0-20241220185720-80d31d8cd589 h1:HQ0NbfIGgvzaUetVLKqdx9y0adQeIlk0HERGbWroq0g=
github.com/07669751770/curso-golang v0.0.0-20241220185720-80d31d8cd589/go.mod h1:D8UduqOJaFVe7TU3HvZYlRGNWklDCLPcxL3ap3qoHMk=
